
Microsoft Visual Studio Solution File, Format Version 12.00
# Visual Studio Version 17
VisualStudioVersion = 17.14.36811.4 d17.14
MinimumVisualStudioVersion = 10.0.40219.1
Project("{FAE04EC0-301F-11D3-BF4B-00C04F79EFBC}") = "SharingPictureWebsite", "SharingPictureWebsite.csproj", "{DBF98FB2-2A6F-4B19-8833-FE1FE9BFE7BE}"
EndProject
Global
	GlobalSection(SolutionConfigurationPlatforms) = preSolution
		Debug|Any CPU = Debug|Any CPU
		Release|Any CPU = Release|Any CPU
	EndGlobalSection
	GlobalSection(ProjectConfigurationPlatforms) = postSolution
		{DBF98FB2-2A6F-4B19-8833-FE1FE9BFE7BE}.Debug|Any CPU.ActiveCfg = Debug|Any CPU
		{DBF98FB2-2A6F-4B19-8833-FE1FE9BFE7BE}.Debug|Any CPU.Build.0 = Debug|Any CPU
		{DBF98FB2-2A6F-4B19-8833-FE1FE9BFE7BE}.Release|Any CPU.ActiveCfg = Release|Any CPU
		{DBF98FB2-2A6F-4B19-8833-FE1FE9BFE7BE}.Release|Any CPU.Build.0 = Release|Any CPU
	EndGlobalSection
	GlobalSection(SolutionProperties) = preSolution
		HideSolutionNode = FALSE
	EndGlobalSection
	GlobalSection(ExtensibilityGlobals) = postSolution
		SolutionGuid = {4BA6578E-F784-46C0-A865-418DF6B48AB5}
	EndGlobalSection
EndGlobal
